// !$*UTF8*$!
{
	archiveVersion = 1;
	classes = {
	};
	objectVersion = 56;
	objects = {

/* Begin PBXBuildFile section */
		56062ED92AC266C600142FDE /* BaseViewController.swift in Sources */ = {isa = PBXBuildFile; fileRef = 56062ED82AC266C600142FDE /* BaseViewController.swift */; };
		56D88AD52AC2D08E006EB784 /* SettingTableViewCell.swift in Sources */ = {isa = PBXBuildFile; fileRef = 56D88AD42AC2D08E006EB784 /* SettingTableViewCell.swift */; };
		56D88AD72AC2F979006EB784 /* SearchViewController.swift in Sources */ = {isa = PBXBuildFile; fileRef = 56D88AD62AC2F979006EB784 /* SearchViewController.swift */; };
		56D88AE32AC34811006EB784 /* UIColor+Extension.swift in Sources */ = {isa = PBXBuildFile; fileRef = 56D88AE22AC34811006EB784 /* UIColor+Extension.swift */; };
		56D88AE52AC402BA006EB784 /* SearchTableViewCell.swift in Sources */ = {isa = PBXBuildFile; fileRef = 56D88AE42AC402BA006EB784 /* SearchTableViewCell.swift */; };
		56D88AE72AC405B8006EB784 /* TemperatureCollectionViewCell.swift in Sources */ = {isa = PBXBuildFile; fileRef = 56D88AE62AC405B8006EB784 /* TemperatureCollectionViewCell.swift */; };
		56D88AEA2AC55E26006EB784 /* IntroViewController.swift in Sources */ = {isa = PBXBuildFile; fileRef = 56D88AE92AC55E26006EB784 /* IntroViewController.swift */; };
		56D88AEC2AC55E61006EB784 /* BaseTabBarViewController.swift in Sources */ = {isa = PBXBuildFile; fileRef = 56D88AEB2AC55E61006EB784 /* BaseTabBarViewController.swift */; };
		56D88AF02AC714C5006EB784 /* Main.storyboard in Resources */ = {isa = PBXBuildFile; fileRef = 56D88AEF2AC714C4006EB784 /* Main.storyboard */; };
		E7C96EB12AC495FD00F53B52 /* SelectNotificationSoundViewController.swift in Sources */ = {isa = PBXBuildFile; fileRef = E7C96EB02AC495FD00F53B52 /* SelectNotificationSoundViewController.swift */; };
		E7C96EB32AC53BFA00F53B52 /* SelectNotificationSoundCell.swift in Sources */ = {isa = PBXBuildFile; fileRef = E7C96EB22AC53BFA00F53B52 /* SelectNotificationSoundCell.swift */; };
		FF22B6502AC134C800686B4F /* AppDelegate.swift in Sources */ = {isa = PBXBuildFile; fileRef = FF22B64F2AC134C800686B4F /* AppDelegate.swift */; };
		FF22B6522AC134C800686B4F /* SceneDelegate.swift in Sources */ = {isa = PBXBuildFile; fileRef = FF22B6512AC134C800686B4F /* SceneDelegate.swift */; };
		FF22B6542AC134C800686B4F /* MainViewController.swift in Sources */ = {isa = PBXBuildFile; fileRef = FF22B6532AC134C800686B4F /* MainViewController.swift */; };
		FF22B6592AC134C900686B4F /* Assets.xcassets in Resources */ = {isa = PBXBuildFile; fileRef = FF22B6582AC134C900686B4F /* Assets.xcassets */; };
		FF22B65C2AC134C900686B4F /* LaunchScreen.storyboard in Resources */ = {isa = PBXBuildFile; fileRef = FF22B65A2AC134C900686B4F /* LaunchScreen.storyboard */; };
		FF7B085C2AC279DD00ACDE03 /* RegionalMapView.swift in Sources */ = {isa = PBXBuildFile; fileRef = FF7B085B2AC279DD00ACDE03 /* RegionalMapView.swift */; };
		FF7B085E2AC2C64400ACDE03 /* RegionalViewModel.swift in Sources */ = {isa = PBXBuildFile; fileRef = FF7B085D2AC2C64400ACDE03 /* RegionalViewModel.swift */; };
		FF7B08602AC2C69D00ACDE03 /* CustomAnnotation.swift in Sources */ = {isa = PBXBuildFile; fileRef = FF7B085F2AC2C69D00ACDE03 /* CustomAnnotation.swift */; };
		FF7D08182AC556590004CC4E /* CustomAnnotationView.swift in Sources */ = {isa = PBXBuildFile; fileRef = FF7D08172AC556590004CC4E /* CustomAnnotationView.swift */; };
		FF7D081D2AC566BB0004CC4E /* Util.swift in Sources */ = {isa = PBXBuildFile; fileRef = FF7D081C2AC566BB0004CC4E /* Util.swift */; };
		FF7D081F2AC56A7A0004CC4E /* CustomCalloutView.swift in Sources */ = {isa = PBXBuildFile; fileRef = FF7D081E2AC56A7A0004CC4E /* CustomCalloutView.swift */; };
		FF85789E2AC7086400902A69 /* Alamofire in Frameworks */ = {isa = PBXBuildFile; productRef = FF85789D2AC7086400902A69 /* Alamofire */; };
		FF8F2EF52AC1975300C2C85D /* SnapKit in Frameworks */ = {isa = PBXBuildFile; productRef = FF8F2EF42AC1975300C2C85D /* SnapKit */; };
		FF8F2F002AC1A02000C2C85D /* NetworkService.swift in Sources */ = {isa = PBXBuildFile; fileRef = FF8F2EFF2AC1A02000C2C85D /* NetworkService.swift */; };
		FF8F2F022AC1A03500C2C85D /* Weather.swift in Sources */ = {isa = PBXBuildFile; fileRef = FF8F2F012AC1A03500C2C85D /* Weather.swift */; };
		FF8F2F082AC1A77A00C2C85D /* WeeklyViewController.swift in Sources */ = {isa = PBXBuildFile; fileRef = FF8F2F072AC1A77A00C2C85D /* WeeklyViewController.swift */; };
		FF8F2F0A2AC1A78B00C2C85D /* RegionalViewController.swift in Sources */ = {isa = PBXBuildFile; fileRef = FF8F2F092AC1A78B00C2C85D /* RegionalViewController.swift */; };
		FF8F2F0C2AC1A79900C2C85D /* AlarmViewController.swift in Sources */ = {isa = PBXBuildFile; fileRef = FF8F2F0B2AC1A79900C2C85D /* AlarmViewController.swift */; };
		FF8F2F0E2AC1A7A400C2C85D /* SettingViewController.swift in Sources */ = {isa = PBXBuildFile; fileRef = FF8F2F0D2AC1A7A400C2C85D /* SettingViewController.swift */; };
/* End PBXBuildFile section */

/* Begin PBXFileReference section */
		56062ED82AC266C600142FDE /* BaseViewController.swift */ = {isa = PBXFileReference; lastKnownFileType = sourcecode.swift; path = BaseViewController.swift; sourceTree = "<group>"; };
		56D88AD42AC2D08E006EB784 /* SettingTableViewCell.swift */ = {isa = PBXFileReference; lastKnownFileType = sourcecode.swift; path = SettingTableViewCell.swift; sourceTree = "<group>"; };
		56D88AD62AC2F979006EB784 /* SearchViewController.swift */ = {isa = PBXFileReference; lastKnownFileType = sourcecode.swift; path = SearchViewController.swift; sourceTree = "<group>"; };
		56D88AE22AC34811006EB784 /* UIColor+Extension.swift */ = {isa = PBXFileReference; lastKnownFileType = sourcecode.swift; path = "UIColor+Extension.swift"; sourceTree = "<group>"; };
		56D88AE42AC402BA006EB784 /* SearchTableViewCell.swift */ = {isa = PBXFileReference; lastKnownFileType = sourcecode.swift; path = SearchTableViewCell.swift; sourceTree = "<group>"; };
		56D88AE62AC405B8006EB784 /* TemperatureCollectionViewCell.swift */ = {isa = PBXFileReference; lastKnownFileType = sourcecode.swift; path = TemperatureCollectionViewCell.swift; sourceTree = "<group>"; };
		56D88AE92AC55E26006EB784 /* IntroViewController.swift */ = {isa = PBXFileReference; lastKnownFileType = sourcecode.swift; path = IntroViewController.swift; sourceTree = "<group>"; };
		56D88AEB2AC55E61006EB784 /* BaseTabBarViewController.swift */ = {isa = PBXFileReference; lastKnownFileType = sourcecode.swift; path = BaseTabBarViewController.swift; sourceTree = "<group>"; };
		56D88AEF2AC714C4006EB784 /* Main.storyboard */ = {isa = PBXFileReference; lastKnownFileType = file.storyboard; path = Main.storyboard; sourceTree = "<group>"; };
		E7C96EAA2AC4954600F53B52 /* notification_sound_wow.caf */ = {isa = PBXFileReference; lastKnownFileType = file; path = notification_sound_wow.caf; sourceTree = "<group>"; };
		E7C96EAB2AC4954600F53B52 /* notification_sound_moji.caf */ = {isa = PBXFileReference; lastKnownFileType = file; path = notification_sound_moji.caf; sourceTree = "<group>"; };
		E7C96EAD2AC4954600F53B52 /* notification_sound_quack.caf */ = {isa = PBXFileReference; lastKnownFileType = file; path = notification_sound_quack.caf; sourceTree = "<group>"; };
		E7C96EAE2AC4954600F53B52 /* notification_sound_taddddaaaaa.caf */ = {isa = PBXFileReference; lastKnownFileType = file; path = notification_sound_taddddaaaaa.caf; sourceTree = "<group>"; };
		E7C96EB02AC495FD00F53B52 /* SelectNotificationSoundViewController.swift */ = {isa = PBXFileReference; lastKnownFileType = sourcecode.swift; path = SelectNotificationSoundViewController.swift; sourceTree = "<group>"; };
		E7C96EB22AC53BFA00F53B52 /* SelectNotificationSoundCell.swift */ = {isa = PBXFileReference; lastKnownFileType = sourcecode.swift; path = SelectNotificationSoundCell.swift; sourceTree = "<group>"; };
		FF22B64C2AC134C800686B4F /* ECWeather.app */ = {isa = PBXFileReference; explicitFileType = wrapper.application; includeInIndex = 0; path = ECWeather.app; sourceTree = BUILT_PRODUCTS_DIR; };
		FF22B64F2AC134C800686B4F /* AppDelegate.swift */ = {isa = PBXFileReference; lastKnownFileType = sourcecode.swift; path = AppDelegate.swift; sourceTree = "<group>"; };
		FF22B6512AC134C800686B4F /* SceneDelegate.swift */ = {isa = PBXFileReference; lastKnownFileType = sourcecode.swift; path = SceneDelegate.swift; sourceTree = "<group>"; };
		FF22B6532AC134C800686B4F /* MainViewController.swift */ = {isa = PBXFileReference; lastKnownFileType = sourcecode.swift; path = MainViewController.swift; sourceTree = "<group>"; };
		FF22B6582AC134C900686B4F /* Assets.xcassets */ = {isa = PBXFileReference; lastKnownFileType = folder.assetcatalog; path = Assets.xcassets; sourceTree = "<group>"; };
		FF22B65B2AC134C900686B4F /* Base */ = {isa = PBXFileReference; lastKnownFileType = file.storyboard; name = Base; path = Base.lproj/LaunchScreen.storyboard; sourceTree = "<group>"; };
		FF22B65D2AC134C900686B4F /* Info.plist */ = {isa = PBXFileReference; lastKnownFileType = text.plist.xml; path = Info.plist; sourceTree = "<group>"; };
		FF7B085B2AC279DD00ACDE03 /* RegionalMapView.swift */ = {isa = PBXFileReference; lastKnownFileType = sourcecode.swift; path = RegionalMapView.swift; sourceTree = "<group>"; };
		FF7B085D2AC2C64400ACDE03 /* RegionalViewModel.swift */ = {isa = PBXFileReference; lastKnownFileType = sourcecode.swift; path = RegionalViewModel.swift; sourceTree = "<group>"; };
		FF7B085F2AC2C69D00ACDE03 /* CustomAnnotation.swift */ = {isa = PBXFileReference; lastKnownFileType = sourcecode.swift; path = CustomAnnotation.swift; sourceTree = "<group>"; };
		FF7D08172AC556590004CC4E /* CustomAnnotationView.swift */ = {isa = PBXFileReference; lastKnownFileType = sourcecode.swift; path = CustomAnnotationView.swift; sourceTree = "<group>"; };
		FF7D081C2AC566BB0004CC4E /* Util.swift */ = {isa = PBXFileReference; lastKnownFileType = sourcecode.swift; path = Util.swift; sourceTree = "<group>"; };
		FF7D081E2AC56A7A0004CC4E /* CustomCalloutView.swift */ = {isa = PBXFileReference; lastKnownFileType = sourcecode.swift; path = CustomCalloutView.swift; sourceTree = "<group>"; };
		FF8F2EFF2AC1A02000C2C85D /* NetworkService.swift */ = {isa = PBXFileReference; lastKnownFileType = sourcecode.swift; path = NetworkService.swift; sourceTree = "<group>"; };
		FF8F2F012AC1A03500C2C85D /* Weather.swift */ = {isa = PBXFileReference; lastKnownFileType = sourcecode.swift; path = Weather.swift; sourceTree = "<group>"; };
		FF8F2F072AC1A77A00C2C85D /* WeeklyViewController.swift */ = {isa = PBXFileReference; lastKnownFileType = sourcecode.swift; path = WeeklyViewController.swift; sourceTree = "<group>"; };
		FF8F2F092AC1A78B00C2C85D /* RegionalViewController.swift */ = {isa = PBXFileReference; lastKnownFileType = sourcecode.swift; path = RegionalViewController.swift; sourceTree = "<group>"; };
		FF8F2F0B2AC1A79900C2C85D /* AlarmViewController.swift */ = {isa = PBXFileReference; lastKnownFileType = sourcecode.swift; path = AlarmViewController.swift; sourceTree = "<group>"; };
		FF8F2F0D2AC1A7A400C2C85D /* SettingViewController.swift */ = {isa = PBXFileReference; lastKnownFileType = sourcecode.swift; path = SettingViewController.swift; sourceTree = "<group>"; };
/* End PBXFileReference section */

/* Begin PBXFrameworksBuildPhase section */
		FF22B6492AC134C800686B4F /* Frameworks */ = {
			isa = PBXFrameworksBuildPhase;
			buildActionMask = 2147483647;
			files = (
				FF8F2EF52AC1975300C2C85D /* SnapKit in Frameworks */,
				FF85789E2AC7086400902A69 /* Alamofire in Frameworks */,
			);
			runOnlyForDeploymentPostprocessing = 0;
		};
/* End PBXFrameworksBuildPhase section */

/* Begin PBXGroup section */
		56062EDA2AC266CB00142FDE /* Base */ = {
			isa = PBXGroup;
			children = (
				56062ED82AC266C600142FDE /* BaseViewController.swift */,
				56D88AEB2AC55E61006EB784 /* BaseTabBarViewController.swift */,
			);
			path = Base;
			sourceTree = "<group>";
		};
		56D88AE12AC347D8006EB784 /* Extension */ = {
			isa = PBXGroup;
			children = (
				56D88AE22AC34811006EB784 /* UIColor+Extension.swift */,
			);
			path = Extension;
			sourceTree = "<group>";
		};
		56D88AE82AC55E12006EB784 /* Intro */ = {
			isa = PBXGroup;
			children = (
				56D88AE92AC55E26006EB784 /* IntroViewController.swift */,
			);
			path = Intro;
		E7C96EAF2AC4954F00F53B52 /* NotificationSounds */ = {
			isa = PBXGroup;
			children = (
				E7C96EAB2AC4954600F53B52 /* notification_sound_moji.caf */,
				E7C96EAD2AC4954600F53B52 /* notification_sound_quack.caf */,
				E7C96EAE2AC4954600F53B52 /* notification_sound_taddddaaaaa.caf */,
				E7C96EAA2AC4954600F53B52 /* notification_sound_wow.caf */,
			);
			path = NotificationSounds;
			sourceTree = "<group>";
		};
		FF22B6432AC134C800686B4F = {
			isa = PBXGroup;
			children = (
				FF22B64E2AC134C800686B4F /* ECWeather */,
				FF22B64D2AC134C800686B4F /* Products */,
			);
			sourceTree = "<group>";
		};
		FF22B64D2AC134C800686B4F /* Products */ = {
			isa = PBXGroup;
			children = (
				FF22B64C2AC134C800686B4F /* ECWeather.app */,
			);
			name = Products;
			sourceTree = "<group>";
		};
		FF22B64E2AC134C800686B4F /* ECWeather */ = {
			isa = PBXGroup;
			children = (
				FF22B64F2AC134C800686B4F /* AppDelegate.swift */,
				FF22B6512AC134C800686B4F /* SceneDelegate.swift */,
				56D88AEF2AC714C4006EB784 /* Main.storyboard */,
				56D88AE12AC347D8006EB784 /* Extension */,
				FF7D081B2AC566AD0004CC4E /* Utils */,
				FF8F2EF92AC19E9500C2C85D /* Scene */,
				FF8F2EF82AC19E8A00C2C85D /* Model */,
				FF8F2EF72AC19E7B00C2C85D /* Network */,
				FF8F2EF62AC19E7000C2C85D /* Resource */,
			);
			path = ECWeather;
			sourceTree = "<group>";
		};
		FF7D081B2AC566AD0004CC4E /* Utils */ = {
			isa = PBXGroup;
			children = (
				FF7D081C2AC566BB0004CC4E /* Util.swift */,
			);
			path = Utils;
			sourceTree = "<group>";
		};
		FF7D08202AC574780004CC4E /* View */ = {
			isa = PBXGroup;
			children = (
				FF7B085B2AC279DD00ACDE03 /* RegionalMapView.swift */,
				FF7B085F2AC2C69D00ACDE03 /* CustomAnnotation.swift */,
				FF7D08172AC556590004CC4E /* CustomAnnotationView.swift */,
				FF7D081E2AC56A7A0004CC4E /* CustomCalloutView.swift */,
			);
			path = View;
			sourceTree = "<group>";
		};
		FF8F2EF62AC19E7000C2C85D /* Resource */ = {
			isa = PBXGroup;
			children = (
				E7C96EAF2AC4954F00F53B52 /* NotificationSounds */,
				FF22B6582AC134C900686B4F /* Assets.xcassets */,
				FF22B65A2AC134C900686B4F /* LaunchScreen.storyboard */,
				FF22B65D2AC134C900686B4F /* Info.plist */,
			);
			path = Resource;
			sourceTree = "<group>";
		};
		FF8F2EF72AC19E7B00C2C85D /* Network */ = {
			isa = PBXGroup;
			children = (
				FF8F2EFF2AC1A02000C2C85D /* NetworkService.swift */,
			);
			path = Network;
			sourceTree = "<group>";
		};
		FF8F2EF82AC19E8A00C2C85D /* Model */ = {
			isa = PBXGroup;
			children = (
				FF8F2F012AC1A03500C2C85D /* Weather.swift */,
			);
			path = Model;
			sourceTree = "<group>";
		};
		FF8F2EF92AC19E9500C2C85D /* Scene */ = {
			isa = PBXGroup;
			children = (
				56062EDA2AC266CB00142FDE /* Base */,
				56D88AE82AC55E12006EB784 /* Intro */,
				FF8F2EFB2AC19ED500C2C85D /* WeeklyPage */,
				FF8F2EFD2AC19F0200C2C85D /* RegionalPage */,
				FF8F2EFA2AC19ECA00C2C85D /* MainPage */,
				FF8F2EFC2AC19EE700C2C85D /* AlarmPage */,
				FF8F2EFE2AC19F1700C2C85D /* SettingPage */,
			);
			path = Scene;
			sourceTree = "<group>";
		};
		FF8F2EFA2AC19ECA00C2C85D /* MainPage */ = {
			isa = PBXGroup;
			children = (
				FF22B6532AC134C800686B4F /* MainViewController.swift */,
			);
			path = MainPage;
			sourceTree = "<group>";
		};
		FF8F2EFB2AC19ED500C2C85D /* WeeklyPage */ = {
			isa = PBXGroup;
			children = (
				FF8F2F072AC1A77A00C2C85D /* WeeklyViewController.swift */,
			);
			path = WeeklyPage;
			sourceTree = "<group>";
		};
		FF8F2EFC2AC19EE700C2C85D /* AlarmPage */ = {
			isa = PBXGroup;
			children = (
				FF8F2F0B2AC1A79900C2C85D /* AlarmViewController.swift */,
				E7C96EB02AC495FD00F53B52 /* SelectNotificationSoundViewController.swift */,
				E7C96EB22AC53BFA00F53B52 /* SelectNotificationSoundCell.swift */,
			);
			path = AlarmPage;
			sourceTree = "<group>";
		};
		FF8F2EFD2AC19F0200C2C85D /* RegionalPage */ = {
			isa = PBXGroup;
			children = (
				FF8F2F092AC1A78B00C2C85D /* RegionalViewController.swift */,
				FF7B085D2AC2C64400ACDE03 /* RegionalViewModel.swift */,
				FF7D08202AC574780004CC4E /* View */,
				FF7B085F2AC2C69D00ACDE03 /* CustomAnnotation.swift */,
				FF7D08172AC556590004CC4E /* CustomAnnotationView.swift */,
				FF7D081E2AC56A7A0004CC4E /* CustomCalloutView.swift */,
			);
			path = RegionalPage;
			sourceTree = "<group>";
		};
		FF8F2EFE2AC19F1700C2C85D /* SettingPage */ = {
			isa = PBXGroup;
			children = (
				FF8F2F0D2AC1A7A400C2C85D /* SettingViewController.swift */,
				56D88AD42AC2D08E006EB784 /* SettingTableViewCell.swift */,
				56D88AD62AC2F979006EB784 /* SearchViewController.swift */,
				56D88AE42AC402BA006EB784 /* SearchTableViewCell.swift */,
				56D88AE62AC405B8006EB784 /* TemperatureCollectionViewCell.swift */,
			);
			path = SettingPage;
			sourceTree = "<group>";
		};
/* End PBXGroup section */

/* Begin PBXNativeTarget section */
		FF22B64B2AC134C800686B4F /* ECWeather */ = {
			isa = PBXNativeTarget;
			buildConfigurationList = FF22B6602AC134C900686B4F /* Build configuration list for PBXNativeTarget "ECWeather" */;
			buildPhases = (
				FF22B6482AC134C800686B4F /* Sources */,
				FF22B6492AC134C800686B4F /* Frameworks */,
				FF22B64A2AC134C800686B4F /* Resources */,
			);
			buildRules = (
			);
			dependencies = (
			);
			name = ECWeather;
			packageProductDependencies = (
				FF8F2EF42AC1975300C2C85D /* SnapKit */,
				FF85789D2AC7086400902A69 /* Alamofire */,
			);
			productName = ECWeather;
			productReference = FF22B64C2AC134C800686B4F /* ECWeather.app */;
			productType = "com.apple.product-type.application";
		};
/* End PBXNativeTarget section */

/* Begin PBXProject section */
		FF22B6442AC134C800686B4F /* Project object */ = {
			isa = PBXProject;
			attributes = {
				BuildIndependentTargetsInParallel = 1;
				LastSwiftUpdateCheck = 1430;
				LastUpgradeCheck = 1430;
				TargetAttributes = {
					FF22B64B2AC134C800686B4F = {
						CreatedOnToolsVersion = 14.3.1;
					};
				};
			};
			buildConfigurationList = FF22B6472AC134C800686B4F /* Build configuration list for PBXProject "ECWeather" */;
			compatibilityVersion = "Xcode 14.0";
			developmentRegion = en;
			hasScannedForEncodings = 0;
			knownRegions = (
				en,
				Base,
			);
			mainGroup = FF22B6432AC134C800686B4F;
			packageReferences = (
				FF8F2EF32AC1975300C2C85D /* XCRemoteSwiftPackageReference "SnapKit" */,
				FF85789C2AC7086400902A69 /* XCRemoteSwiftPackageReference "Alamofire" */,
			);
			productRefGroup = FF22B64D2AC134C800686B4F /* Products */;
			projectDirPath = "";
			projectRoot = "";
			targets = (
				FF22B64B2AC134C800686B4F /* ECWeather */,
			);
		};
/* End PBXProject section */

/* Begin PBXResourcesBuildPhase section */
		FF22B64A2AC134C800686B4F /* Resources */ = {
			isa = PBXResourcesBuildPhase;
			buildActionMask = 2147483647;
			files = (
				56D88AF02AC714C5006EB784 /* Main.storyboard in Resources */,
				FF22B65C2AC134C900686B4F /* LaunchScreen.storyboard in Resources */,
				FF22B6592AC134C900686B4F /* Assets.xcassets in Resources */,
			);
			runOnlyForDeploymentPostprocessing = 0;
		};
/* End PBXResourcesBuildPhase section */

/* Begin PBXSourcesBuildPhase section */
		FF22B6482AC134C800686B4F /* Sources */ = {
			isa = PBXSourcesBuildPhase;
			buildActionMask = 2147483647;
			files = (
				FF8F2F082AC1A77A00C2C85D /* WeeklyViewController.swift in Sources */,
				56D88AE72AC405B8006EB784 /* TemperatureCollectionViewCell.swift in Sources */,
				FF22B6542AC134C800686B4F /* MainViewController.swift in Sources */,
				FF7B085C2AC279DD00ACDE03 /* RegionalMapView.swift in Sources */,
				56062ED92AC266C600142FDE /* BaseViewController.swift in Sources */,
				E7C96EB12AC495FD00F53B52 /* SelectNotificationSoundViewController.swift in Sources */,
				56D88AE32AC34811006EB784 /* UIColor+Extension.swift in Sources */,
				FF7D08182AC556590004CC4E /* CustomAnnotationView.swift in Sources */,
				FF7D081D2AC566BB0004CC4E /* Util.swift in Sources */,
				FF22B6502AC134C800686B4F /* AppDelegate.swift in Sources */,
				FF7D081F2AC56A7A0004CC4E /* CustomCalloutView.swift in Sources */,
				FF7B085E2AC2C64400ACDE03 /* RegionalViewModel.swift in Sources */,
				E7C96EB32AC53BFA00F53B52 /* SelectNotificationSoundCell.swift in Sources */,
				FF8F2F002AC1A02000C2C85D /* NetworkService.swift in Sources */,
				56D88AD52AC2D08E006EB784 /* SettingTableViewCell.swift in Sources */,
				56D88AE52AC402BA006EB784 /* SearchTableViewCell.swift in Sources */,
				FF8F2F0E2AC1A7A400C2C85D /* SettingViewController.swift in Sources */,
				56D88AD72AC2F979006EB784 /* SearchViewController.swift in Sources */,
				56D88AEC2AC55E61006EB784 /* BaseTabBarViewController.swift in Sources */,
				FF8F2F0C2AC1A79900C2C85D /* AlarmViewController.swift in Sources */,
				56D88AEA2AC55E26006EB784 /* IntroViewController.swift in Sources */,
				FF22B6522AC134C800686B4F /* SceneDelegate.swift in Sources */,
				FF8F2F022AC1A03500C2C85D /* Weather.swift in Sources */,
				FF8F2F0A2AC1A78B00C2C85D /* RegionalViewController.swift in Sources */,
				FF7B08602AC2C69D00ACDE03 /* CustomAnnotation.swift in Sources */,
			);
			runOnlyForDeploymentPostprocessing = 0;
		};
/* End PBXSourcesBuildPhase section */

/* Begin PBXVariantGroup section */
		FF22B65A2AC134C900686B4F /* LaunchScreen.storyboard */ = {
			isa = PBXVariantGroup;
			children = (
				FF22B65B2AC134C900686B4F /* Base */,
			);
			name = LaunchScreen.storyboard;
			sourceTree = "<group>";
		};
/* End PBXVariantGroup section */

/* Begin XCBuildConfiguration section */
		FF22B65E2AC134C900686B4F /* Debug */ = {
			isa = XCBuildConfiguration;
			buildSettings = {
				ALWAYS_SEARCH_USER_PATHS = NO;
				CLANG_ANALYZER_NONNULL = YES;
				CLANG_ANALYZER_NUMBER_OBJECT_CONVERSION = YES_AGGRESSIVE;
				CLANG_CXX_LANGUAGE_STANDARD = "gnu++20";
				CLANG_ENABLE_MODULES = YES;
				CLANG_ENABLE_OBJC_ARC = YES;
				CLANG_ENABLE_OBJC_WEAK = YES;
				CLANG_WARN_BLOCK_CAPTURE_AUTORELEASING = YES;
				CLANG_WARN_BOOL_CONVERSION = YES;
				CLANG_WARN_COMMA = YES;
				CLANG_WARN_CONSTANT_CONVERSION = YES;
				CLANG_WARN_DEPRECATED_OBJC_IMPLEMENTATIONS = YES;
				CLANG_WARN_DIRECT_OBJC_ISA_USAGE = YES_ERROR;
				CLANG_WARN_DOCUMENTATION_COMMENTS = YES;
				CLANG_WARN_EMPTY_BODY = YES;
				CLANG_WARN_ENUM_CONVERSION = YES;
				CLANG_WARN_INFINITE_RECURSION = YES;
				CLANG_WARN_INT_CONVERSION = YES;
				CLANG_WARN_NON_LITERAL_NULL_CONVERSION = YES;
				CLANG_WARN_OBJC_IMPLICIT_RETAIN_SELF = YES;
				CLANG_WARN_OBJC_LITERAL_CONVERSION = YES;
				CLANG_WARN_OBJC_ROOT_CLASS = YES_ERROR;
				CLANG_WARN_QUOTED_INCLUDE_IN_FRAMEWORK_HEADER = YES;
				CLANG_WARN_RANGE_LOOP_ANALYSIS = YES;
				CLANG_WARN_STRICT_PROTOTYPES = YES;
				CLANG_WARN_SUSPICIOUS_MOVE = YES;
				CLANG_WARN_UNGUARDED_AVAILABILITY = YES_AGGRESSIVE;
				CLANG_WARN_UNREACHABLE_CODE = YES;
				CLANG_WARN__DUPLICATE_METHOD_MATCH = YES;
				COPY_PHASE_STRIP = NO;
				DEBUG_INFORMATION_FORMAT = dwarf;
				ENABLE_STRICT_OBJC_MSGSEND = YES;
				ENABLE_TESTABILITY = YES;
				GCC_C_LANGUAGE_STANDARD = gnu11;
				GCC_DYNAMIC_NO_PIC = NO;
				GCC_NO_COMMON_BLOCKS = YES;
				GCC_OPTIMIZATION_LEVEL = 0;
				GCC_PREPROCESSOR_DEFINITIONS = (
					"DEBUG=1",
					"$(inherited)",
				);
				GCC_WARN_64_TO_32_BIT_CONVERSION = YES;
				GCC_WARN_ABOUT_RETURN_TYPE = YES_ERROR;
				GCC_WARN_UNDECLARED_SELECTOR = YES;
				GCC_WARN_UNINITIALIZED_AUTOS = YES_AGGRESSIVE;
				GCC_WARN_UNUSED_FUNCTION = YES;
				GCC_WARN_UNUSED_VARIABLE = YES;
				IPHONEOS_DEPLOYMENT_TARGET = 16.4;
				MTL_ENABLE_DEBUG_INFO = INCLUDE_SOURCE;
				MTL_FAST_MATH = YES;
				ONLY_ACTIVE_ARCH = YES;
				SDKROOT = iphoneos;
				SWIFT_ACTIVE_COMPILATION_CONDITIONS = DEBUG;
				SWIFT_OPTIMIZATION_LEVEL = "-Onone";
			};
			name = Debug;
		};
		FF22B65F2AC134C900686B4F /* Release */ = {
			isa = XCBuildConfiguration;
			buildSettings = {
				ALWAYS_SEARCH_USER_PATHS = NO;
				CLANG_ANALYZER_NONNULL = YES;
				CLANG_ANALYZER_NUMBER_OBJECT_CONVERSION = YES_AGGRESSIVE;
				CLANG_CXX_LANGUAGE_STANDARD = "gnu++20";
				CLANG_ENABLE_MODULES = YES;
				CLANG_ENABLE_OBJC_ARC = YES;
				CLANG_ENABLE_OBJC_WEAK = YES;
				CLANG_WARN_BLOCK_CAPTURE_AUTORELEASING = YES;
				CLANG_WARN_BOOL_CONVERSION = YES;
				CLANG_WARN_COMMA = YES;
				CLANG_WARN_CONSTANT_CONVERSION = YES;
				CLANG_WARN_DEPRECATED_OBJC_IMPLEMENTATIONS = YES;
				CLANG_WARN_DIRECT_OBJC_ISA_USAGE = YES_ERROR;
				CLANG_WARN_DOCUMENTATION_COMMENTS = YES;
				CLANG_WARN_EMPTY_BODY = YES;
				CLANG_WARN_ENUM_CONVERSION = YES;
				CLANG_WARN_INFINITE_RECURSION = YES;
				CLANG_WARN_INT_CONVERSION = YES;
				CLANG_WARN_NON_LITERAL_NULL_CONVERSION = YES;
				CLANG_WARN_OBJC_IMPLICIT_RETAIN_SELF = YES;
				CLANG_WARN_OBJC_LITERAL_CONVERSION = YES;
				CLANG_WARN_OBJC_ROOT_CLASS = YES_ERROR;
				CLANG_WARN_QUOTED_INCLUDE_IN_FRAMEWORK_HEADER = YES;
				CLANG_WARN_RANGE_LOOP_ANALYSIS = YES;
				CLANG_WARN_STRICT_PROTOTYPES = YES;
				CLANG_WARN_SUSPICIOUS_MOVE = YES;
				CLANG_WARN_UNGUARDED_AVAILABILITY = YES_AGGRESSIVE;
				CLANG_WARN_UNREACHABLE_CODE = YES;
				CLANG_WARN__DUPLICATE_METHOD_MATCH = YES;
				COPY_PHASE_STRIP = NO;
				DEBUG_INFORMATION_FORMAT = "dwarf-with-dsym";
				ENABLE_NS_ASSERTIONS = NO;
				ENABLE_STRICT_OBJC_MSGSEND = YES;
				GCC_C_LANGUAGE_STANDARD = gnu11;
				GCC_NO_COMMON_BLOCKS = YES;
				GCC_WARN_64_TO_32_BIT_CONVERSION = YES;
				GCC_WARN_ABOUT_RETURN_TYPE = YES_ERROR;
				GCC_WARN_UNDECLARED_SELECTOR = YES;
				GCC_WARN_UNINITIALIZED_AUTOS = YES_AGGRESSIVE;
				GCC_WARN_UNUSED_FUNCTION = YES;
				GCC_WARN_UNUSED_VARIABLE = YES;
				IPHONEOS_DEPLOYMENT_TARGET = 16.4;
				MTL_ENABLE_DEBUG_INFO = NO;
				MTL_FAST_MATH = YES;
				SDKROOT = iphoneos;
				SWIFT_COMPILATION_MODE = wholemodule;
				SWIFT_OPTIMIZATION_LEVEL = "-O";
				VALIDATE_PRODUCT = YES;
			};
			name = Release;
		};
		FF22B6612AC134C900686B4F /* Debug */ = {
			isa = XCBuildConfiguration;
			buildSettings = {
				ASSETCATALOG_COMPILER_APPICON_NAME = AppIcon;
				ASSETCATALOG_COMPILER_GLOBAL_ACCENT_COLOR_NAME = AccentColor;
				CODE_SIGN_STYLE = Automatic;
				CURRENT_PROJECT_VERSION = 1;
				DEVELOPMENT_TEAM = "";
				GENERATE_INFOPLIST_FILE = YES;
				INFOPLIST_FILE = ECWeather/Resource/Info.plist;
				INFOPLIST_KEY_UIApplicationSupportsIndirectInputEvents = YES;
				INFOPLIST_KEY_UILaunchStoryboardName = LaunchScreen;
				INFOPLIST_KEY_UISupportedInterfaceOrientations_iPad = "UIInterfaceOrientationPortrait UIInterfaceOrientationPortraitUpsideDown UIInterfaceOrientationLandscapeLeft UIInterfaceOrientationLandscapeRight";
				INFOPLIST_KEY_UISupportedInterfaceOrientations_iPhone = "UIInterfaceOrientationPortrait UIInterfaceOrientationLandscapeLeft UIInterfaceOrientationLandscapeRight";
				LD_RUNPATH_SEARCH_PATHS = (
					"$(inherited)",
					"@executable_path/Frameworks",
				);
				MARKETING_VERSION = 1.0;
				PRODUCT_BUNDLE_IDENTIFIER = pinocchio22.ECWeather;
				PRODUCT_NAME = "$(TARGET_NAME)";
				SWIFT_EMIT_LOC_STRINGS = YES;
				SWIFT_VERSION = 5.0;
				TARGETED_DEVICE_FAMILY = "1,2";
			};
			name = Debug;
		};
		FF22B6622AC134C900686B4F /* Release */ = {
			isa = XCBuildConfiguration;
			buildSettings = {
				ASSETCATALOG_COMPILER_APPICON_NAME = AppIcon;
				ASSETCATALOG_COMPILER_GLOBAL_ACCENT_COLOR_NAME = AccentColor;
				CODE_SIGN_STYLE = Automatic;
				CURRENT_PROJECT_VERSION = 1;
				DEVELOPMENT_TEAM = USP329MK32;
				GENERATE_INFOPLIST_FILE = YES;
				INFOPLIST_FILE = ECWeather/Resource/Info.plist;
				INFOPLIST_KEY_UIApplicationSupportsIndirectInputEvents = YES;
				INFOPLIST_KEY_UILaunchStoryboardName = LaunchScreen;
				INFOPLIST_KEY_UISupportedInterfaceOrientations_iPad = "UIInterfaceOrientationPortrait UIInterfaceOrientationPortraitUpsideDown UIInterfaceOrientationLandscapeLeft UIInterfaceOrientationLandscapeRight";
				INFOPLIST_KEY_UISupportedInterfaceOrientations_iPhone = "UIInterfaceOrientationPortrait UIInterfaceOrientationLandscapeLeft UIInterfaceOrientationLandscapeRight";
				LD_RUNPATH_SEARCH_PATHS = (
					"$(inherited)",
					"@executable_path/Frameworks",
				);
				MARKETING_VERSION = 1.0;
				PRODUCT_BUNDLE_IDENTIFIER = pinocchio22.ECWeather;
				PRODUCT_NAME = "$(TARGET_NAME)";
				SWIFT_EMIT_LOC_STRINGS = YES;
				SWIFT_VERSION = 5.0;
				TARGETED_DEVICE_FAMILY = "1,2";
			};
			name = Release;
		};
/* End XCBuildConfiguration section */

/* Begin XCConfigurationList section */
		FF22B6472AC134C800686B4F /* Build configuration list for PBXProject "ECWeather" */ = {
			isa = XCConfigurationList;
			buildConfigurations = (
				FF22B65E2AC134C900686B4F /* Debug */,
				FF22B65F2AC134C900686B4F /* Release */,
			);
			defaultConfigurationIsVisible = 0;
			defaultConfigurationName = Release;
		};
		FF22B6602AC134C900686B4F /* Build configuration list for PBXNativeTarget "ECWeather" */ = {
			isa = XCConfigurationList;
			buildConfigurations = (
				FF22B6612AC134C900686B4F /* Debug */,
				FF22B6622AC134C900686B4F /* Release */,
			);
			defaultConfigurationIsVisible = 0;
			defaultConfigurationName = Release;
		};
/* End XCConfigurationList section */

/* Begin XCRemoteSwiftPackageReference section */
		FF85789C2AC7086400902A69 /* XCRemoteSwiftPackageReference "Alamofire" */ = {
			isa = XCRemoteSwiftPackageReference;
			repositoryURL = "https://github.com/Alamofire/Alamofire.git";
			requirement = {
				kind = upToNextMajorVersion;
				minimumVersion = 5.0.0;
			};
		};
		FF8F2EF32AC1975300C2C85D /* XCRemoteSwiftPackageReference "SnapKit" */ = {
			isa = XCRemoteSwiftPackageReference;
			repositoryURL = "https://github.com/SnapKit/SnapKit.git";
			requirement = {
				kind = upToNextMajorVersion;
				minimumVersion = 5.0.0;
			};
		};
/* End XCRemoteSwiftPackageReference section */

/* Begin XCSwiftPackageProductDependency section */
		FF85789D2AC7086400902A69 /* Alamofire */ = {
			isa = XCSwiftPackageProductDependency;
			package = FF85789C2AC7086400902A69 /* XCRemoteSwiftPackageReference "Alamofire" */;
			productName = Alamofire;
		};
		FF8F2EF42AC1975300C2C85D /* SnapKit */ = {
			isa = XCSwiftPackageProductDependency;
			package = FF8F2EF32AC1975300C2C85D /* XCRemoteSwiftPackageReference "SnapKit" */;
			productName = SnapKit;
		};
/* End XCSwiftPackageProductDependency section */
	};
	rootObject = FF22B6442AC134C800686B4F /* Project object */;
}
